<?xml version="1.0" encoding="utf-8"?>
<Project ToolsVersion="4.0" xmlns="http://schemas.microsoft.com/developer/msbuild/2003">
  <ItemGroup>
    <Filter Include="win32">
      <UniqueIdentifier>{84a8ebd7-7cf0-47f6-b75e-d441df67da40}</UniqueIdentifier>
    </Filter>
    <Filter Include="resource">
      <UniqueIdentifier>{715254bc-d70b-4ec5-bf29-467dd3ace079}</UniqueIdentifier>
    </Filter>
    <Filter Include="src">
      <UniqueIdentifier>{bb6c862e-70e9-49d9-81b7-3829a6f50471}</UniqueIdentifier>
    </Filter>
    <Filter Include="src\StartScene">
      <UniqueIdentifier>{dc6dc0fe-b36f-4160-88a3-9d27c0c7ec6f}</UniqueIdentifier>
    </Filter>
    <Filter Include="src\commons">
      <UniqueIdentifier>{7980a9d2-733d-4242-b45e-cd3b4e801229}</UniqueIdentifier>
    </Filter>
    <Filter Include="src\GameScene">
      <UniqueIdentifier>{e11398b0-22e0-4a42-83c7-e5bf7002acc5}</UniqueIdentifier>
    </Filter>
    <Filter Include="src\GameScene\GameLayer">
      <UniqueIdentifier>{18475454-d438-4ced-8485-bb217eb37c26}</UniqueIdentifier>
    </Filter>
    <Filter Include="src\GameScene\GameMap">
      <UniqueIdentifier>{54f7ea56-a65e-4760-93ef-b952826305f5}</UniqueIdentifier>
    </Filter>
    <Filter Include="src\commons\Window">
      <UniqueIdentifier>{27c4631d-6947-4886-9fb0-eccc10ef878d}</UniqueIdentifier>
    </Filter>
  </ItemGroup>
  <ItemGroup>
    <ClCompile Include="main.cpp">
      <Filter>win32</Filter>
    </ClCompile>
    <ClCompile Include="..\Classes\AppDelegate.cpp">
      <Filter>src</Filter>
    </ClCompile>
    <ClCompile Include="..\Classes\HelloWorldScene.cpp">
      <Filter>src</Filter>
    </ClCompile>
    <ClCompile Include="..\Classes\StartLayer.cpp">
      <Filter>src\StartScene</Filter>
    </ClCompile>
    <ClCompile Include="..\Classes\csb_config.cpp">
      <Filter>src\commons</Filter>
    </ClCompile>
    <ClCompile Include="..\Classes\GameLayer.cpp">
      <Filter>src\GameScene\GameLayer</Filter>
    </ClCompile>
    <ClCompile Include="..\Classes\Win.cpp">
      <Filter>src\commons\Window</Filter>
    </ClCompile>
  </ItemGroup>
  <ItemGroup>
    <ClInclude Include="main.h">
      <Filter>win32</Filter>
    </ClInclude>
    <ClInclude Include="..\Classes\AppDelegate.h">
      <Filter>src</Filter>
    </ClInclude>
    <ClInclude Include="..\Classes\HelloWorldScene.h">
      <Filter>src</Filter>
    </ClInclude>
    <ClInclude Include="..\Classes\StartLayer.h">
      <Filter>src\StartScene</Filter>
    </ClInclude>
    <ClInclude Include="..\Classes\commons.h">
      <Filter>src\commons</Filter>
    </ClInclude>
    <ClInclude Include="..\Classes\csb_config.h">
      <Filter>src\commons</Filter>
    </ClInclude>
    <ClInclude Include="..\Classes\GameLayer.h">
      <Filter>src\GameScene\GameLayer</Filter>
    </ClInclude>
    <ClInclude Include="..\Classes\Win.h">
      <Filter>src\commons\Window</Filter>
    </ClInclude>
  </ItemGroup>
  <ItemGroup>
    <ResourceCompile Include="game.rc">
      <Filter>resource</Filter>
    </ResourceCompile>
  </ItemGroup>
</Project>