<?xml version="1.0" encoding="utf-8"?>
<Project ToolsVersion="4.0" xmlns="http://schemas.microsoft.com/developer/msbuild/2003">
  <ItemGroup>
    <Filter Include="win32">
      <UniqueIdentifier>{84a8ebd7-7cf0-47f6-b75e-d441df67da40}</UniqueIdentifier>
    </Filter>
    <Filter Include="resource">
      <UniqueIdentifier>{715254bc-d70b-4ec5-bf29-467dd3ace079}</UniqueIdentifier>
    </Filter>
    <Filter Include="src">
      <UniqueIdentifier>{bb6c862e-70e9-49d9-81b7-3829a6f50471}</UniqueIdentifier>
    </Filter>
    <Filter Include="src\StartScene">
      <UniqueIdentifier>{dc6dc0fe-b36f-4160-88a3-9d27c0c7ec6f}</UniqueIdentifier>
    </Filter>
    <Filter Include="src\commons">
      <UniqueIdentifier>{7980a9d2-733d-4242-b45e-cd3b4e801229}</UniqueIdentifier>
    </Filter>
    <Filter Include="src\GameScene">
      <UniqueIdentifier>{e11398b0-22e0-4a42-83c7-e5bf7002acc5}</UniqueIdentifier>
    </Filter>
    <Filter Include="src\GameScene\GameLayer">
      <UniqueIdentifier>{18475454-d438-4ced-8485-bb217eb37c26}</UniqueIdentifier>
    </Filter>
    <Filter Include="src\GameScene\GameMap">
      <UniqueIdentifier>{54f7ea56-a65e-4760-93ef-b952826305f5}</UniqueIdentifier>
    </Filter>
    <Filter Include="src\commons\Window">
      <UniqueIdentifier>{27c4631d-6947-4886-9fb0-eccc10ef878d}</UniqueIdentifier>
    </Filter>
    <Filter Include="src\GameScene\MenuLayer">
      <UniqueIdentifier>{d574975c-c81a-471f-bda8-44f89ff74337}</UniqueIdentifier>
    </Filter>
    <Filter Include="src\GameScene\GameManager">
      <UniqueIdentifier>{104b70a0-ae42-449a-b4c8-56c266ac350f}</UniqueIdentifier>
    </Filter>
    <Filter Include="src\commons\parse">
      <UniqueIdentifier>{842a5a3b-56ff-4b20-a943-50105ead039e}</UniqueIdentifier>
    </Filter>
    <Filter Include="src\commons\parse\ConfigParse">
      <UniqueIdentifier>{9cbb7e2d-31ef-43cf-8905-69309a7b433d}</UniqueIdentifier>
    </Filter>
    <Filter Include="src\commons\utils">
      <UniqueIdentifier>{e6967345-002f-402c-8834-b77d2711ebd5}</UniqueIdentifier>
    </Filter>
    <Filter Include="src\commons\process">
      <UniqueIdentifier>{1b28cc24-b133-483e-8107-afd4a6eb43c4}</UniqueIdentifier>
    </Filter>
    <Filter Include="src\GameScene\Tower">
      <UniqueIdentifier>{8d9dbd2d-2f24-4c07-9550-9d109d2d4c42}</UniqueIdentifier>
    </Filter>
    <Filter Include="src\GameScene\MenuLayer\cell">
      <UniqueIdentifier>{8ea52a64-6523-4a0d-b2db-a1bb42b868f1}</UniqueIdentifier>
    </Filter>
    <Filter Include="src\GameScene\Tower\Data">
      <UniqueIdentifier>{bd8cd2c5-7ebf-43b8-90c6-622effadd562}</UniqueIdentifier>
    </Filter>
    <Filter Include="src\GameScene\Tower\Data\Attribute">
      <UniqueIdentifier>{9c2690ed-eb4f-490f-b890-20050f770f54}</UniqueIdentifier>
    </Filter>
    <Filter Include="src\commons\parse\i8n">
      <UniqueIdentifier>{48a3366f-1125-4690-bcd0-007a5002a1e1}</UniqueIdentifier>
    </Filter>
    <Filter Include="src\GameScene\Monster">
      <UniqueIdentifier>{313b35e8-81dd-4db1-9311-a9ca953e5a0a}</UniqueIdentifier>
    </Filter>
  </ItemGroup>
  <ItemGroup>
    <ClCompile Include="main.cpp">
      <Filter>win32</Filter>
    </ClCompile>
    <ClCompile Include="..\Classes\AppDelegate.cpp">
      <Filter>src</Filter>
    </ClCompile>
    <ClCompile Include="..\Classes\HelloWorldScene.cpp">
      <Filter>src</Filter>
    </ClCompile>
    <ClCompile Include="..\Classes\StartLayer.cpp">
      <Filter>src\StartScene</Filter>
    </ClCompile>
    <ClCompile Include="..\Classes\GameLayer.cpp">
      <Filter>src\GameScene\GameLayer</Filter>
    </ClCompile>
    <ClCompile Include="..\Classes\Win.cpp">
      <Filter>src\commons\Window</Filter>
    </ClCompile>
    <ClCompile Include="..\Classes\GameMap.cpp">
      <Filter>src\GameScene\GameMap</Filter>
    </ClCompile>
    <ClCompile Include="..\Classes\MapCell.cpp">
      <Filter>src\GameScene\GameMap</Filter>
    </ClCompile>
    <ClCompile Include="..\Classes\MenuLayer.cpp">
      <Filter>src\GameScene\MenuLayer</Filter>
    </ClCompile>
    <ClCompile Include="..\Classes\GameManager.cpp">
      <Filter>src\GameScene\GameManager</Filter>
    </ClCompile>
    <ClCompile Include="..\Classes\ConfigParse.cpp">
      <Filter>src\commons\parse\ConfigParse</Filter>
    </ClCompile>
    <ClCompile Include="..\Classes\ParseData.cpp">
      <Filter>src\commons\parse</Filter>
    </ClCompile>
    <ClCompile Include="..\Classes\string_utils.cpp">
      <Filter>src\commons\utils</Filter>
    </ClCompile>
    <ClCompile Include="..\Classes\Process.cpp">
      <Filter>src\commons\process</Filter>
    </ClCompile>
    <ClCompile Include="..\Classes\Tower.cpp">
      <Filter>src\GameScene\Tower</Filter>
    </ClCompile>
    <ClCompile Include="..\Classes\TowerCell.cpp">
      <Filter>src\GameScene\MenuLayer\cell</Filter>
    </ClCompile>
    <ClCompile Include="..\Classes\csb_config.cpp">
      <Filter>src\commons</Filter>
    </ClCompile>
    <ClCompile Include="..\Classes\config.cpp">
      <Filter>src\commons\parse</Filter>
    </ClCompile>
    <ClCompile Include="..\Classes\TowerAttibute.cpp">
      <Filter>src\GameScene\Tower\Data\Attribute</Filter>
    </ClCompile>
    <ClCompile Include="..\Classes\AttrCell.cpp">
      <Filter>src\GameScene\MenuLayer\cell</Filter>
    </ClCompile>
    <ClCompile Include="..\Classes\Monster.cpp">
      <Filter>src\GameScene\Monster</Filter>
    </ClCompile>
  </ItemGroup>
  <ItemGroup>
    <ClInclude Include="main.h">
      <Filter>win32</Filter>
    </ClInclude>
    <ClInclude Include="..\Classes\AppDelegate.h">
      <Filter>src</Filter>
    </ClInclude>
    <ClInclude Include="..\Classes\HelloWorldScene.h">
      <Filter>src</Filter>
    </ClInclude>
    <ClInclude Include="..\Classes\StartLayer.h">
      <Filter>src\StartScene</Filter>
    </ClInclude>
    <ClInclude Include="..\Classes\commons.h">
      <Filter>src\commons</Filter>
    </ClInclude>
    <ClInclude Include="..\Classes\GameLayer.h">
      <Filter>src\GameScene\GameLayer</Filter>
    </ClInclude>
    <ClInclude Include="..\Classes\Win.h">
      <Filter>src\commons\Window</Filter>
    </ClInclude>
    <ClInclude Include="..\Classes\GameMap.h">
      <Filter>src\GameScene\GameMap</Filter>
    </ClInclude>
    <ClInclude Include="..\Classes\MapCell.h">
      <Filter>src\GameScene\GameMap</Filter>
    </ClInclude>
    <ClInclude Include="..\Classes\MenuLayer.h">
      <Filter>src\GameScene\MenuLayer</Filter>
    </ClInclude>
    <ClInclude Include="..\Classes\GameManager.h">
      <Filter>src\GameScene\GameManager</Filter>
    </ClInclude>
    <ClInclude Include="..\Classes\ConfigParse.h">
      <Filter>src\commons\parse\ConfigParse</Filter>
    </ClInclude>
    <ClInclude Include="..\Classes\ParseData.h">
      <Filter>src\commons\parse</Filter>
    </ClInclude>
    <ClInclude Include="..\Classes\string_utils.h">
      <Filter>src\commons\utils</Filter>
    </ClInclude>
    <ClInclude Include="..\Classes\Process.h">
      <Filter>src\commons\process</Filter>
    </ClInclude>
    <ClInclude Include="..\Classes\Tower.h">
      <Filter>src\GameScene\Tower</Filter>
    </ClInclude>
    <ClInclude Include="..\Classes\TowerCell.h">
      <Filter>src\GameScene\MenuLayer\cell</Filter>
    </ClInclude>
    <ClInclude Include="..\Classes\LocalData.h">
      <Filter>src\commons</Filter>
    </ClInclude>
    <ClInclude Include="..\Classes\csb_config.h">
      <Filter>src\commons</Filter>
    </ClInclude>
    <ClInclude Include="..\Classes\config.h">
      <Filter>src\commons\parse</Filter>
    </ClInclude>
    <ClInclude Include="..\Classes\TowerData.h">
      <Filter>src\GameScene\Tower\Data</Filter>
    </ClInclude>
    <ClInclude Include="..\Classes\TowerDefine.h">
      <Filter>src\GameScene\Tower\Data</Filter>
    </ClInclude>
    <ClInclude Include="..\Classes\TowerAttibute.h">
      <Filter>src\GameScene\Tower\Data\Attribute</Filter>
    </ClInclude>
    <ClInclude Include="..\Classes\AttrCell.h">
      <Filter>src\GameScene\MenuLayer\cell</Filter>
    </ClInclude>
    <ClInclude Include="..\Classes\I18N.h">
      <Filter>src\commons\parse\i8n</Filter>
    </ClInclude>
    <ClInclude Include="..\Classes\Monster.h">
      <Filter>src\GameScene\Monster</Filter>
    </ClInclude>
  </ItemGroup>
  <ItemGroup>
    <ResourceCompile Include="game.rc">
      <Filter>resource</Filter>
    </ResourceCompile>
  </ItemGroup>
</Project>